
Microsoft Visual Studio Solution File, Format Version 12.00
# Visual Studio Version 16
VisualStudioVersion = 16.0.29215.179
MinimumVisualStudioVersion = 10.0.40219.1
Project("{FAE04EC0-301F-11D3-BF4B-00C04F79EFBC}") = "RoboSiga", "RoboSiga\RoboSiga.csproj", "{90A13E92-1393-4B1C-80F1-E8BCB43CB880}"
EndProject
Global
	GlobalSection(SolutionConfigurationPlatforms) = preSolution
		Debug|Any CPU = Debug|Any CPU
		Release|Any CPU = Release|Any CPU
	EndGlobalSection
	GlobalSection(ProjectConfigurationPlatforms) = postSolution
		{90A13E92-1393-4B1C-80F1-E8BCB43CB880}.Debug|Any CPU.ActiveCfg = Debug|Any CPU
		{90A13E92-1393-4B1C-80F1-E8BCB43CB880}.Debug|Any CPU.Build.0 = Debug|Any CPU
		{90A13E92-1393-4B1C-80F1-E8BCB43CB880}.Release|Any CPU.ActiveCfg = Release|Any CPU
		{90A13E92-1393-4B1C-80F1-E8BCB43CB880}.Release|Any CPU.Build.0 = Release|Any CPU
	EndGlobalSection
	GlobalSection(SolutionProperties) = preSolution
		HideSolutionNode = FALSE
	EndGlobalSection
	GlobalSection(ExtensibilityGlobals) = postSolution
		SolutionGuid = {52DEA224-3C03-4D35-82C9-C6FD0F8E7FBF}
	EndGlobalSection
EndGlobal
